PODS:
  - FSCycleScrollView (0.1.1):
    - FSPagerView
    - Kingfisher
  - FSPagerView (0.7.1)
  - Kingfisher (4.7.0)

DEPENDENCIES:
  - FSCycleScrollView (from `../`)
  - FSPagerView
  - Kingfisher

SPEC REPOS:
  https://github.com/CocoaPods/Specs.git:
    - FSPagerView
    - Kingfisher

EXTERNAL SOURCES:
  FSCycleScrollView:
    :path: "../"

SPEC CHECKSUMS:
  FSCycleScrollView: 8ac6298109671f5c945d01c18ac68ff7168f4697
  FSPagerView: 958aba39684e1573755ddcfcc29f7eebb8413cee
  Kingfisher: da6b005aa96d37698e3e4f1ccfe96a5b9bbf27d6

PODFILE CHECKSUM: ccc7cba37fd23b1dba0a9254abbe9278420f3161

COCOAPODS: 1.5.0
